// !$*UTF8*$!
{
	archiveVersion = 1;
	classes = {
	};
	objectVersion = 50;
	objects = {

/* Begin PBXBuildFile section */
		20410DF4212D7F0500EEF09E /* AppDelegate.swift in Sources */ = {isa = PBXBuildFile; fileRef = 20410DF3212D7F0500EEF09E /* AppDelegate.swift */; };
		20410DF6212D7F0500EEF09E /* AnimationViewController.swift in Sources */ = {isa = PBXBuildFile; fileRef = 20410DF5212D7F0500EEF09E /* AnimationViewController.swift */; };
		20410DF9212D7F0500EEF09E /* Main.storyboard in Resources */ = {isa = PBXBuildFile; fileRef = 20410DF7212D7F0500EEF09E /* Main.storyboard */; };
		20410DFB212D7F0800EEF09E /* Assets.xcassets in Resources */ = {isa = PBXBuildFile; fileRef = 20410DFA212D7F0800EEF09E /* Assets.xcassets */; };
		20410DFE212D7F0800EEF09E /* LaunchScreen.storyboard in Resources */ = {isa = PBXBuildFile; fileRef = 20410DFC212D7F0800EEF09E /* LaunchScreen.storyboard */; };
		20711EFD212E7E7800511A50 /* PlayingCard.swift in Sources */ = {isa = PBXBuildFile; fileRef = 20711EFC212E7E7800511A50 /* PlayingCard.swift */; };
		20711EFF212E8E8D00511A50 /* PlayingCardDeck.swift in Sources */ = {isa = PBXBuildFile; fileRef = 20711EFE212E8E8D00511A50 /* PlayingCardDeck.swift */; };
		20711F01212EC76A00511A50 /* PlayingCardView.swift in Sources */ = {isa = PBXBuildFile; fileRef = 20711F00212EC76A00511A50 /* PlayingCardView.swift */; };
		2095D62B21392300009EBC76 /* GestureViewController.swift in Sources */ = {isa = PBXBuildFile; fileRef = 2095D62A21392300009EBC76 /* GestureViewController.swift */; };
		20A62E5B213D1B6800D57D73 /* CardBehavior.swift in Sources */ = {isa = PBXBuildFile; fileRef = 20A62E5A213D1B6800D57D73 /* CardBehavior.swift */; };
/* End PBXBuildFile section */

/* Begin PBXFileReference section */
		20410DF0212D7F0500EEF09E /* PlayingCard.app */ = {isa = PBXFileReference; explicitFileType = wrapper.application; includeInIndex = 0; path = PlayingCard.app; sourceTree = BUILT_PRODUCTS_DIR; };
		20410DF3212D7F0500EEF09E /* AppDelegate.swift */ = {isa = PBXFileReference; lastKnownFileType = sourcecode.swift; path = AppDelegate.swift; sourceTree = "<group>"; };
		20410DF5212D7F0500EEF09E /* AnimationViewController.swift */ = {isa = PBXFileReference; lastKnownFileType = sourcecode.swift; path = AnimationViewController.swift; sourceTree = "<group>"; };
		20410DF8212D7F0500EEF09E /* Base */ = {isa = PBXFileReference; lastKnownFileType = file.storyboard; name = Base; path = Base.lproj/Main.storyboard; sourceTree = "<group>"; };
		20410DFA212D7F0800EEF09E /* Assets.xcassets */ = {isa = PBXFileReference; lastKnownFileType = folder.assetcatalog; path = Assets.xcassets; sourceTree = "<group>"; };
		20410DFD212D7F0800EEF09E /* Base */ = {isa = PBXFileReference; lastKnownFileType = file.storyboard; name = Base; path = Base.lproj/LaunchScreen.storyboard; sourceTree = "<group>"; };
		20410DFF212D7F0800EEF09E /* Info.plist */ = {isa = PBXFileReference; lastKnownFileType = text.plist.xml; path = Info.plist; sourceTree = "<group>"; };
		20711EFC212E7E7800511A50 /* PlayingCard.swift */ = {isa = PBXFileReference; lastKnownFileType = sourcecode.swift; path = PlayingCard.swift; sourceTree = "<group>"; };
		20711EFE212E8E8D00511A50 /* PlayingCardDeck.swift */ = {isa = PBXFileReference; lastKnownFileType = sourcecode.swift; path = PlayingCardDeck.swift; sourceTree = "<group>"; };
		20711F00212EC76A00511A50 /* PlayingCardView.swift */ = {isa = PBXFileReference; lastKnownFileType = sourcecode.swift; path = PlayingCardView.swift; sourceTree = "<group>"; };
		2095D62A21392300009EBC76 /* GestureViewController.swift */ = {isa = PBXFileReference; lastKnownFileType = sourcecode.swift; path = GestureViewController.swift; sourceTree = "<group>"; };
		20A62E5A213D1B6800D57D73 /* CardBehavior.swift */ = {isa = PBXFileReference; lastKnownFileType = sourcecode.swift; path = CardBehavior.swift; sourceTree = "<group>"; };
/* End PBXFileReference section */

/* Begin PBXFrameworksBuildPhase section */
		20410DED212D7F0500EEF09E /* Frameworks */ = {
			isa = PBXFrameworksBuildPhase;
			buildActionMask = 2147483647;
			files = (
			);
			runOnlyForDeploymentPostprocessing = 0;
		};
/* End PBXFrameworksBuildPhase section */

/* Begin PBXGroup section */
		20410DE7212D7F0500EEF09E = {
			isa = PBXGroup;
			children = (
				20410DF2212D7F0500EEF09E /* PlayingCard */,
				20410DF1212D7F0500EEF09E /* Products */,
			);
			sourceTree = "<group>";
		};
		20410DF1212D7F0500EEF09E /* Products */ = {
			isa = PBXGroup;
			children = (
				20410DF0212D7F0500EEF09E /* PlayingCard.app */,
			);
			name = Products;
			sourceTree = "<group>";
		};
		20410DF2212D7F0500EEF09E /* PlayingCard */ = {
			isa = PBXGroup;
			children = (
				20A62E5A213D1B6800D57D73 /* CardBehavior.swift */,
				20711F00212EC76A00511A50 /* PlayingCardView.swift */,
				20410DF5212D7F0500EEF09E /* AnimationViewController.swift */,
				20410DFA212D7F0800EEF09E /* Assets.xcassets */,
				20410DF7212D7F0500EEF09E /* Main.storyboard */,
				2095D62A21392300009EBC76 /* GestureViewController.swift */,
				20410E05212D7F7E00EEF09E /* Supporting Files */,
				20410DFF212D7F0800EEF09E /* Info.plist */,
				20711EFC212E7E7800511A50 /* PlayingCard.swift */,
				20711EFE212E8E8D00511A50 /* PlayingCardDeck.swift */,
			);
			path = PlayingCard;
			sourceTree = "<group>";
		};
		20410E05212D7F7E00EEF09E /* Supporting Files */ = {
			isa = PBXGroup;
			children = (
				20410DF3212D7F0500EEF09E /* AppDelegate.swift */,
				20410DFC212D7F0800EEF09E /* LaunchScreen.storyboard */,
			);
			path = "Supporting Files";
			sourceTree = "<group>";
		};
/* End PBXGroup section */

/* Begin PBXNativeTarget section */
		20410DEF212D7F0500EEF09E /* PlayingCard */ = {
			isa = PBXNativeTarget;
			buildConfigurationList = 20410E02212D7F0800EEF09E /* Build configuration list for PBXNativeTarget "PlayingCard" */;
			buildPhases = (
				20410DEC212D7F0500EEF09E /* Sources */,
				20410DED212D7F0500EEF09E /* Frameworks */,
				20410DEE212D7F0500EEF09E /* Resources */,
			);
			buildRules = (
			);
			dependencies = (
			);
			name = PlayingCard;
			productName = PlayingCard;
			productReference = 20410DF0212D7F0500EEF09E /* PlayingCard.app */;
			productType = "com.apple.product-type.application";
		};
/* End PBXNativeTarget section */

/* Begin PBXProject section */
		20410DE8212D7F0500EEF09E /* Project object */ = {
			isa = PBXProject;
			attributes = {
				LastSwiftUpdateCheck = 0930;
				LastUpgradeCheck = 0930;
				ORGANIZATIONNAME = "The Gateway Corp";
				TargetAttributes = {
					20410DEF212D7F0500EEF09E = {
						CreatedOnToolsVersion = 9.3;
					};
				};
			};
			buildConfigurationList = 20410DEB212D7F0500EEF09E /* Build configuration list for PBXProject "PlayingCard" */;
			compatibilityVersion = "Xcode 9.3";
			developmentRegion = en;
			hasScannedForEncodings = 0;
			knownRegions = (
				en,
				Base,
			);
			mainGroup = 20410DE7212D7F0500EEF09E;
			productRefGroup = 20410DF1212D7F0500EEF09E /* Products */;
			projectDirPath = "";
			projectRoot = "";
			targets = (
				20410DEF212D7F0500EEF09E /* PlayingCard */,
			);
		};
/* End PBXProject section */

/* Begin PBXResourcesBuildPhase section */
		20410DEE212D7F0500EEF09E /* Resources */ = {
			isa = PBXResourcesBuildPhase;
			buildActionMask = 2147483647;
			files = (
				20410DFE212D7F0800EEF09E /* LaunchScreen.storyboard in Resources */,
				20410DFB212D7F0800EEF09E /* Assets.xcassets in Resources */,
				20410DF9212D7F0500EEF09E /* Main.storyboard in Resources */,
			);
			runOnlyForDeploymentPostprocessing = 0;
		};
/* End PBXResourcesBuildPhase section */

/* Begin PBXSourcesBuildPhase section */
		20410DEC212D7F0500EEF09E /* Sources */ = {
			isa = PBXSourcesBuildPhase;
			buildActionMask = 2147483647;
			files = (
				2095D62B21392300009EBC76 /* GestureViewController.swift in Sources */,
				20410DF6212D7F0500EEF09E /* AnimationViewController.swift in Sources */,
				20711EFF212E8E8D00511A50 /* PlayingCardDeck.swift in Sources */,
				20711EFD212E7E7800511A50 /* PlayingCard.swift in Sources */,
				20711F01212EC76A00511A50 /* PlayingCardView.swift in Sources */,
				20410DF4212D7F0500EEF09E /* AppDelegate.swift in Sources */,
				20A62E5B213D1B6800D57D73 /* CardBehavior.swift in Sources */,
			);
			runOnlyForDeploymentPostprocessing = 0;
		};
/* End PBXSourcesBuildPhase section */

/* Begin PBXVariantGroup section */
		20410DF7212D7F0500EEF09E /* Main.storyboard */ = {
			isa = PBXVariantGroup;
			children = (
				20410DF8212D7F0500EEF09E /* Base */,
			);
			name = Main.storyboard;
			sourceTree = "<group>";
		};
		20410DFC212D7F0800EEF09E /* LaunchScreen.storyboard */ = {
			isa = PBXVariantGroup;
			children = (
				20410DFD212D7F0800EEF09E /* Base */,
			);
			name = LaunchScreen.storyboard;
			sourceTree = "<group>";
		};
/* End PBXVariantGroup section */

/* Begin XCBuildConfiguration section */
		20410E00212D7F0800EEF09E /* Debug */ = {
			isa = XCBuildConfiguration;
			buildSettings = {
				ALWAYS_SEARCH_USER_PATHS = NO;
				CLANG_ANALYZER_NONNULL = YES;
				CLANG_ANALYZER_NUMBER_OBJECT_CONVERSION = YES_AGGRESSIVE;
				CLANG_CXX_LANGUAGE_STANDARD = "gnu++14";
				CLANG_CXX_LIBRARY = "libc++";
				CLANG_ENABLE_MODULES = YES;
				CLANG_ENABLE_OBJC_ARC = YES;
				CLANG_ENABLE_OBJC_WEAK = YES;
				CLANG_WARN_BLOCK_CAPTURE_AUTORELEASING = YES;
				CLANG_WARN_BOOL_CONVERSION = YES;
				CLANG_WARN_COMMA = YES;
				CLANG_WARN_CONSTANT_CONVERSION = YES;
				CLANG_WARN_DEPRECATED_OBJC_IMPLEMENTATIONS = YES;
				CLANG_WARN_DIRECT_OBJC_ISA_USAGE = YES_ERROR;
				CLANG_WARN_DOCUMENTATION_COMMENTS = YES;
				CLANG_WARN_EMPTY_BODY = YES;
				CLANG_WARN_ENUM_CONVERSION = YES;
				CLANG_WARN_INFINITE_RECURSION = YES;
				CLANG_WARN_INT_CONVERSION = YES;
				CLANG_WARN_NON_LITERAL_NULL_CONVERSION = YES;
				CLANG_WARN_OBJC_IMPLICIT_RETAIN_SELF = YES;
				CLANG_WARN_OBJC_LITERAL_CONVERSION = YES;
				CLANG_WARN_OBJC_ROOT_CLASS = YES_ERROR;
				CLANG_WARN_RANGE_LOOP_ANALYSIS = YES;
				CLANG_WARN_STRICT_PROTOTYPES = YES;
				CLANG_WARN_SUSPICIOUS_MOVE = YES;
				CLANG_WARN_UNGUARDED_AVAILABILITY = YES_AGGRESSIVE;
				CLANG_WARN_UNREACHABLE_CODE = YES;
				CLANG_WARN__DUPLICATE_METHOD_MATCH = YES;
				CODE_SIGN_IDENTITY = "iPhone Developer";
				COPY_PHASE_STRIP = NO;
				DEBUG_INFORMATION_FORMAT = dwarf;
				ENABLE_STRICT_OBJC_MSGSEND = YES;
				ENABLE_TESTABILITY = YES;
				GCC_C_LANGUAGE_STANDARD = gnu11;
				GCC_DYNAMIC_NO_PIC = NO;
				GCC_NO_COMMON_BLOCKS = YES;
				GCC_OPTIMIZATION_LEVEL = 0;
				GCC_PREPROCESSOR_DEFINITIONS = (
					"DEBUG=1",
					"$(inherited)",
				);
				GCC_WARN_64_TO_32_BIT_CONVERSION = YES;
				GCC_WARN_ABOUT_RETURN_TYPE = YES_ERROR;
				GCC_WARN_UNDECLARED_SELECTOR = YES;
				GCC_WARN_UNINITIALIZED_AUTOS = YES_AGGRESSIVE;
				GCC_WARN_UNUSED_FUNCTION = YES;
				GCC_WARN_UNUSED_VARIABLE = YES;
				IPHONEOS_DEPLOYMENT_TARGET = 11.3;
				MTL_ENABLE_DEBUG_INFO = YES;
				ONLY_ACTIVE_ARCH = YES;
				SDKROOT = iphoneos;
				SWIFT_ACTIVE_COMPILATION_CONDITIONS = DEBUG;
				SWIFT_OPTIMIZATION_LEVEL = "-Onone";
			};
			name = Debug;
		};
		20410E01212D7F0800EEF09E /* Release */ = {
			isa = XCBuildConfiguration;
			buildSettings = {
				ALWAYS_SEARCH_USER_PATHS = NO;
				CLANG_ANALYZER_NONNULL = YES;
				CLANG_ANALYZER_NUMBER_OBJECT_CONVERSION = YES_AGGRESSIVE;
				CLANG_CXX_LANGUAGE_STANDARD = "gnu++14";
				CLANG_CXX_LIBRARY = "libc++";
				CLANG_ENABLE_MODULES = YES;
				CLANG_ENABLE_OBJC_ARC = YES;
				CLANG_ENABLE_OBJC_WEAK = YES;
				CLANG_WARN_BLOCK_CAPTURE_AUTORELEASING = YES;
				CLANG_WARN_BOOL_CONVERSION = YES;
				CLANG_WARN_COMMA = YES;
				CLANG_WARN_CONSTANT_CONVERSION = YES;
				CLANG_WARN_DEPRECATED_OBJC_IMPLEMENTATIONS = YES;
				CLANG_WARN_DIRECT_OBJC_ISA_USAGE = YES_ERROR;
				CLANG_WARN_DOCUMENTATION_COMMENTS = YES;
				CLANG_WARN_EMPTY_BODY = YES;
				CLANG_WARN_ENUM_CONVERSION = YES;
				CLANG_WARN_INFINITE_RECURSION = YES;
				CLANG_WARN_INT_CONVERSION = YES;
				CLANG_WARN_NON_LITERAL_NULL_CONVERSION = YES;
				CLANG_WARN_OBJC_IMPLICIT_RETAIN_SELF = YES;
				CLANG_WARN_OBJC_LITERAL_CONVERSION = YES;
				CLANG_WARN_OBJC_ROOT_CLASS = YES_ERROR;
				CLANG_WARN_RANGE_LOOP_ANALYSIS = YES;
				CLANG_WARN_STRICT_PROTOTYPES = YES;
				CLANG_WARN_SUSPICIOUS_MOVE = YES;
				CLANG_WARN_UNGUARDED_AVAILABILITY = YES_AGGRESSIVE;
				CLANG_WARN_UNREACHABLE_CODE = YES;
				CLANG_WARN__DUPLICATE_METHOD_MATCH = YES;
				CODE_SIGN_IDENTITY = "iPhone Developer";
				COPY_PHASE_STRIP = NO;
				DEBUG_INFORMATION_FORMAT = "dwarf-with-dsym";
				ENABLE_NS_ASSERTIONS = NO;
				ENABLE_STRICT_OBJC_MSGSEND = YES;
				GCC_C_LANGUAGE_STANDARD = gnu11;
				GCC_NO_COMMON_BLOCKS = YES;
				GCC_WARN_64_TO_32_BIT_CONVERSION = YES;
				GCC_WARN_ABOUT_RETURN_TYPE = YES_ERROR;
				GCC_WARN_UNDECLARED_SELECTOR = YES;
				GCC_WARN_UNINITIALIZED_AUTOS = YES_AGGRESSIVE;
				GCC_WARN_UNUSED_FUNCTION = YES;
				GCC_WARN_UNUSED_VARIABLE = YES;
				IPHONEOS_DEPLOYMENT_TARGET = 11.3;
				MTL_ENABLE_DEBUG_INFO = NO;
				SDKROOT = iphoneos;
				SWIFT_COMPILATION_MODE = wholemodule;
				SWIFT_OPTIMIZATION_LEVEL = "-O";
				VALIDATE_PRODUCT = YES;
			};
			name = Release;
		};
		20410E03212D7F0800EEF09E /* Debug */ = {
			isa = XCBuildConfiguration;
			buildSettings = {
				ASSETCATALOG_COMPILER_APPICON_NAME = AppIcon;
				CODE_SIGN_STYLE = Automatic;
				DEVELOPMENT_TEAM = 8897CS5K94;
				INFOPLIST_FILE = PlayingCard/Info.plist;
				LD_RUNPATH_SEARCH_PATHS = (
					"$(inherited)",
					"@executable_path/Frameworks",
				);
				PRODUCT_BUNDLE_IDENTIFIER = Gateway.PlayingCard;
				PRODUCT_NAME = "$(TARGET_NAME)";
				SWIFT_VERSION = 4.0;
				TARGETED_DEVICE_FAMILY = "1,2";
			};
			name = Debug;
		};
		20410E04212D7F0800EEF09E /* Release */ = {
			isa = XCBuildConfiguration;
			buildSettings = {
				ASSETCATALOG_COMPILER_APPICON_NAME = AppIcon;
				CODE_SIGN_STYLE = Automatic;
				DEVELOPMENT_TEAM = 8897CS5K94;
				INFOPLIST_FILE = PlayingCard/Info.plist;
				LD_RUNPATH_SEARCH_PATHS = (
					"$(inherited)",
					"@executable_path/Frameworks",
				);
				PRODUCT_BUNDLE_IDENTIFIER = Gateway.PlayingCard;
				PRODUCT_NAME = "$(TARGET_NAME)";
				SWIFT_VERSION = 4.0;
				TARGETED_DEVICE_FAMILY = "1,2";
			};
			name = Release;
		};
/* End XCBuildConfiguration section */

/* Begin XCConfigurationList section */
		20410DEB212D7F0500EEF09E /* Build configuration list for PBXProject "PlayingCard" */ = {
			isa = XCConfigurationList;
			buildConfigurations = (
				20410E00212D7F0800EEF09E /* Debug */,
				20410E01212D7F0800EEF09E /* Release */,
			);
			defaultConfigurationIsVisible = 0;
			defaultConfigurationName = Release;
		};
		20410E02212D7F0800EEF09E /* Build configuration list for PBXNativeTarget "PlayingCard" */ = {
			isa = XCConfigurationList;
			buildConfigurations = (
				20410E03212D7F0800EEF09E /* Debug */,
				20410E04212D7F0800EEF09E /* Release */,
			);
			defaultConfigurationIsVisible = 0;
			defaultConfigurationName = Release;
		};
/* End XCConfigurationList section */
	};
	rootObject = 20410DE8212D7F0500EEF09E /* Project object */;
}
